// !$*UTF8*$!
{
	archiveVersion = 1;
	classes = {
	};
	objectVersion = 46;
	objects = {

/* Begin PBXBuildFile section */
		4FD7BC261E9C87BA004A6DEC /* AppDelegate.m in Sources */ = {isa = PBXBuildFile; fileRef = 4FD7BC251E9C87BA004A6DEC /* AppDelegate.m */; };
		4FD7BC291E9C87BA004A6DEC /* main.m in Sources */ = {isa = PBXBuildFile; fileRef = 4FD7BC281E9C87BA004A6DEC /* main.m */; };
		4FD7BC2C1E9C87BA004A6DEC /* ViewController.m in Sources */ = {isa = PBXBuildFile; fileRef = 4FD7BC2B1E9C87BA004A6DEC /* ViewController.m */; };
		4FD7BC2E1E9C87BA004A6DEC /* Assets.xcassets in Resources */ = {isa = PBXBuildFile; fileRef = 4FD7BC2D1E9C87BA004A6DEC /* Assets.xcassets */; };
		4FD7BC311E9C87BA004A6DEC /* Main.storyboard in Resources */ = {isa = PBXBuildFile; fileRef = 4FD7BC2F1E9C87BA004A6DEC /* Main.storyboard */; };
		4FD7BC3C1E9C87BA004A6DEC /* GradientViewTests.m in Sources */ = {isa = PBXBuildFile; fileRef = 4FD7BC3B1E9C87BA004A6DEC /* GradientViewTests.m */; };
		4FD7BC471E9C87BA004A6DEC /* GradientViewUITests.m in Sources */ = {isa = PBXBuildFile; fileRef = 4FD7BC461E9C87BA004A6DEC /* GradientViewUITests.m */; };
/* End PBXBuildFile section */

/* Begin PBXContainerItemProxy section */
		4FD7BC381E9C87BA004A6DEC /* PBXContainerItemProxy */ = {
			isa = PBXContainerItemProxy;
			containerPortal = 4FD7BC191E9C87BA004A6DEC /* Project object */;
			proxyType = 1;
			remoteGlobalIDString = 4FD7BC201E9C87BA004A6DEC;
			remoteInfo = GradientView;
		};
		4FD7BC431E9C87BA004A6DEC /* PBXContainerItemProxy */ = {
			isa = PBXContainerItemProxy;
			containerPortal = 4FD7BC191E9C87BA004A6DEC /* Project object */;
			proxyType = 1;
			remoteGlobalIDString = 4FD7BC201E9C87BA004A6DEC;
			remoteInfo = GradientView;
		};
/* End PBXContainerItemProxy section */

/* Begin PBXFileReference section */
		4FD7BC211E9C87BA004A6DEC /* GradientView.app */ = {isa = PBXFileReference; explicitFileType = wrapper.application; includeInIndex = 0; path = GradientView.app; sourceTree = BUILT_PRODUCTS_DIR; };
		4FD7BC241E9C87BA004A6DEC /* AppDelegate.h */ = {isa = PBXFileReference; lastKnownFileType = sourcecode.c.h; path = AppDelegate.h; sourceTree = "<group>"; };
		4FD7BC251E9C87BA004A6DEC /* AppDelegate.m */ = {isa = PBXFileReference; lastKnownFileType = sourcecode.c.objc; path = AppDelegate.m; sourceTree = "<group>"; };
		4FD7BC281E9C87BA004A6DEC /* main.m */ = {isa = PBXFileReference; lastKnownFileType = sourcecode.c.objc; path = main.m; sourceTree = "<group>"; };
		4FD7BC2A1E9C87BA004A6DEC /* ViewController.h */ = {isa = PBXFileReference; lastKnownFileType = sourcecode.c.h; path = ViewController.h; sourceTree = "<group>"; };
		4FD7BC2B1E9C87BA004A6DEC /* ViewController.m */ = {isa = PBXFileReference; lastKnownFileType = sourcecode.c.objc; path = ViewController.m; sourceTree = "<group>"; };
		4FD7BC2D1E9C87BA004A6DEC /* Assets.xcassets */ = {isa = PBXFileReference; lastKnownFileType = folder.assetcatalog; path = Assets.xcassets; sourceTree = "<group>"; };
		4FD7BC301E9C87BA004A6DEC /* Base */ = {isa = PBXFileReference; lastKnownFileType = file.storyboard; name = Base; path = Base.lproj/Main.storyboard; sourceTree = "<group>"; };
		4FD7BC321E9C87BA004A6DEC /* Info.plist */ = {isa = PBXFileReference; lastKnownFileType = text.plist.xml; path = Info.plist; sourceTree = "<group>"; };
		4FD7BC371E9C87BA004A6DEC /* GradientViewTests.xctest */ = {isa = PBXFileReference; explicitFileType = wrapper.cfbundle; includeInIndex = 0; path = GradientViewTests.xctest; sourceTree = BUILT_PRODUCTS_DIR; };
		4FD7BC3B1E9C87BA004A6DEC /* GradientViewTests.m */ = {isa = PBXFileReference; lastKnownFileType = sourcecode.c.objc; path = GradientViewTests.m; sourceTree = "<group>"; };
		4FD7BC3D1E9C87BA004A6DEC /* Info.plist */ = {isa = PBXFileReference; lastKnownFileType = text.plist.xml; path = Info.plist; sourceTree = "<group>"; };
		4FD7BC421E9C87BA004A6DEC /* GradientViewUITests.xctest */ = {isa = PBXFileReference; explicitFileType = wrapper.cfbundle; includeInIndex = 0; path = GradientViewUITests.xctest; sourceTree = BUILT_PRODUCTS_DIR; };
		4FD7BC461E9C87BA004A6DEC /* GradientViewUITests.m */ = {isa = PBXFileReference; lastKnownFileType = sourcecode.c.objc; path = GradientViewUITests.m; sourceTree = "<group>"; };
		4FD7BC481E9C87BA004A6DEC /* Info.plist */ = {isa = PBXFileReference; lastKnownFileType = text.plist.xml; path = Info.plist; sourceTree = "<group>"; };
/* End PBXFileReference section */

/* Begin PBXFrameworksBuildPhase section */
		4FD7BC1E1E9C87BA004A6DEC /* Frameworks */ = {
			isa = PBXFrameworksBuildPhase;
			buildActionMask = 2147483647;
			files = (
			);
			runOnlyForDeploymentPostprocessing = 0;
		};
		4FD7BC341E9C87BA004A6DEC /* Frameworks */ = {
			isa = PBXFrameworksBuildPhase;
			buildActionMask = 2147483647;
			files = (
			);
			runOnlyForDeploymentPostprocessing = 0;
		};
		4FD7BC3F1E9C87BA004A6DEC /* Frameworks */ = {
			isa = PBXFrameworksBuildPhase;
			buildActionMask = 2147483647;
			files = (
			);
			runOnlyForDeploymentPostprocessing = 0;
		};
/* End PBXFrameworksBuildPhase section */

/* Begin PBXGroup section */
		4FD7BC181E9C87BA004A6DEC = {
			isa = PBXGroup;
			children = (
				4FD7BC231E9C87BA004A6DEC /* GradientView */,
				4FD7BC3A1E9C87BA004A6DEC /* GradientViewTests */,
				4FD7BC451E9C87BA004A6DEC /* GradientViewUITests */,
				4FD7BC221E9C87BA004A6DEC /* Products */,
			);
			sourceTree = "<group>";
		};
		4FD7BC221E9C87BA004A6DEC /* Products */ = {
			isa = PBXGroup;
			children = (
				4FD7BC211E9C87BA004A6DEC /* GradientView.app */,
				4FD7BC371E9C87BA004A6DEC /* GradientViewTests.xctest */,
				4FD7BC421E9C87BA004A6DEC /* GradientViewUITests.xctest */,
			);
			name = Products;
			sourceTree = "<group>";
		};
		4FD7BC231E9C87BA004A6DEC /* GradientView */ = {
			isa = PBXGroup;
			children = (
				4FD7BC241E9C87BA004A6DEC /* AppDelegate.h */,
				4FD7BC251E9C87BA004A6DEC /* AppDelegate.m */,
				4FD7BC2A1E9C87BA004A6DEC /* ViewController.h */,
				4FD7BC2B1E9C87BA004A6DEC /* ViewController.m */,
				4FD7BC2D1E9C87BA004A6DEC /* Assets.xcassets */,
				4FD7BC2F1E9C87BA004A6DEC /* Main.storyboard */,
				4FD7BC321E9C87BA004A6DEC /* Info.plist */,
				4FD7BC271E9C87BA004A6DEC /* Supporting Files */,
			);
			path = GradientView;
			sourceTree = "<group>";
		};
		4FD7BC271E9C87BA004A6DEC /* Supporting Files */ = {
			isa = PBXGroup;
			children = (
				4FD7BC281E9C87BA004A6DEC /* main.m */,
			);
			name = "Supporting Files";
			sourceTree = "<group>";
		};
		4FD7BC3A1E9C87BA004A6DEC /* GradientViewTests */ = {
			isa = PBXGroup;
			children = (
				4FD7BC3B1E9C87BA004A6DEC /* GradientViewTests.m */,
				4FD7BC3D1E9C87BA004A6DEC /* Info.plist */,
			);
			path = GradientViewTests;
			sourceTree = "<group>";
		};
		4FD7BC451E9C87BA004A6DEC /* GradientViewUITests */ = {
			isa = PBXGroup;
			children = (
				4FD7BC461E9C87BA004A6DEC /* GradientViewUITests.m */,
				4FD7BC481E9C87BA004A6DEC /* Info.plist */,
			);
			path = GradientViewUITests;
			sourceTree = "<group>";
		};
/* End PBXGroup section */

/* Begin PBXNativeTarget section */
		4FD7BC201E9C87BA004A6DEC /* GradientView */ = {
			isa = PBXNativeTarget;
			buildConfigurationList = 4FD7BC4B1E9C87BA004A6DEC /* Build configuration list for PBXNativeTarget "GradientView" */;
			buildPhases = (
				4FD7BC1D1E9C87BA004A6DEC /* Sources */,
				4FD7BC1E1E9C87BA004A6DEC /* Frameworks */,
				4FD7BC1F1E9C87BA004A6DEC /* Resources */,
			);
			buildRules = (
			);
			dependencies = (
			);
			name = GradientView;
			productName = GradientView;
			productReference = 4FD7BC211E9C87BA004A6DEC /* GradientView.app */;
			productType = "com.apple.product-type.application";
		};
		4FD7BC361E9C87BA004A6DEC /* GradientViewTests */ = {
			isa = PBXNativeTarget;
			buildConfigurationList = 4FD7BC4E1E9C87BA004A6DEC /* Build configuration list for PBXNativeTarget "GradientViewTests" */;
			buildPhases = (
				4FD7BC331E9C87BA004A6DEC /* Sources */,
				4FD7BC341E9C87BA004A6DEC /* Frameworks */,
				4FD7BC351E9C87BA004A6DEC /* Resources */,
			);
			buildRules = (
			);
			dependencies = (
				4FD7BC391E9C87BA004A6DEC /* PBXTargetDependency */,
			);
			name = GradientViewTests;
			productName = GradientViewTests;
			productReference = 4FD7BC371E9C87BA004A6DEC /* GradientViewTests.xctest */;
			productType = "com.apple.product-type.bundle.unit-test";
		};
		4FD7BC411E9C87BA004A6DEC /* GradientViewUITests */ = {
			isa = PBXNativeTarget;
			buildConfigurationList = 4FD7BC511E9C87BA004A6DEC /* Build configuration list for PBXNativeTarget "GradientViewUITests" */;
			buildPhases = (
				4FD7BC3E1E9C87BA004A6DEC /* Sources */,
				4FD7BC3F1E9C87BA004A6DEC /* Frameworks */,
				4FD7BC401E9C87BA004A6DEC /* Resources */,
			);
			buildRules = (
			);
			dependencies = (
				4FD7BC441E9C87BA004A6DEC /* PBXTargetDependency */,
			);
			name = GradientViewUITests;
			productName = GradientViewUITests;
			productReference = 4FD7BC421E9C87BA004A6DEC /* GradientViewUITests.xctest */;
			productType = "com.apple.product-type.bundle.ui-testing";
		};
/* End PBXNativeTarget section */

/* Begin PBXProject section */
		4FD7BC191E9C87BA004A6DEC /* Project object */ = {
			isa = PBXProject;
			attributes = {
				LastUpgradeCheck = 0830;
				ORGANIZATIONNAME = melody5417;
				TargetAttributes = {
					4FD7BC201E9C87BA004A6DEC = {
						CreatedOnToolsVersion = 8.3;
						ProvisioningStyle = Automatic;
					};
					4FD7BC361E9C87BA004A6DEC = {
						CreatedOnToolsVersion = 8.3;
						ProvisioningStyle = Automatic;
						TestTargetID = 4FD7BC201E9C87BA004A6DEC;
					};
					4FD7BC411E9C87BA004A6DEC = {
						CreatedOnToolsVersion = 8.3;
						ProvisioningStyle = Automatic;
						TestTargetID = 4FD7BC201E9C87BA004A6DEC;
					};
				};
			};
			buildConfigurationList = 4FD7BC1C1E9C87BA004A6DEC /* Build configuration list for PBXProject "GradientView" */;
			compatibilityVersion = "Xcode 3.2";
			developmentRegion = English;
			hasScannedForEncodings = 0;
			knownRegions = (
				en,
				Base,
			);
			mainGroup = 4FD7BC181E9C87BA004A6DEC;
			productRefGroup = 4FD7BC221E9C87BA004A6DEC /* Products */;
			projectDirPath = "";
			projectRoot = "";
			targets = (
				4FD7BC201E9C87BA004A6DEC /* GradientView */,
				4FD7BC361E9C87BA004A6DEC /* GradientViewTests */,
				4FD7BC411E9C87BA004A6DEC /* GradientViewUITests */,
			);
		};
/* End PBXProject section */

/* Begin PBXResourcesBuildPhase section */
		4FD7BC1F1E9C87BA004A6DEC /* Resources */ = {
			isa = PBXResourcesBuildPhase;
			buildActionMask = 2147483647;
			files = (
				4FD7BC2E1E9C87BA004A6DEC /* Assets.xcassets in Resources */,
				4FD7BC311E9C87BA004A6DEC /* Main.storyboard in Resources */,
			);
			runOnlyForDeploymentPostprocessing = 0;
		};
		4FD7BC351E9C87BA004A6DEC /* Resources */ = {
			isa = PBXResourcesBuildPhase;
			buildActionMask = 2147483647;
			files = (
			);
			runOnlyForDeploymentPostprocessing = 0;
		};
		4FD7BC401E9C87BA004A6DEC /* Resources */ = {
			isa = PBXResourcesBuildPhase;
			buildActionMask = 2147483647;
			files = (
			);
			runOnlyForDeploymentPostprocessing = 0;
		};
/* End PBXResourcesBuildPhase section */

/* Begin PBXSourcesBuildPhase section */
		4FD7BC1D1E9C87BA004A6DEC /* Sources */ = {
			isa = PBXSourcesBuildPhase;
			buildActionMask = 2147483647;
			files = (
				4FD7BC2C1E9C87BA004A6DEC /* ViewController.m in Sources */,
				4FD7BC291E9C87BA004A6DEC /* main.m in Sources */,
				4FD7BC261E9C87BA004A6DEC /* AppDelegate.m in Sources */,
			);
			runOnlyForDeploymentPostprocessing = 0;
		};
		4FD7BC331E9C87BA004A6DEC /* Sources */ = {
			isa = PBXSourcesBuildPhase;
			buildActionMask = 2147483647;
			files = (
				4FD7BC3C1E9C87BA004A6DEC /* GradientViewTests.m in Sources */,
			);
			runOnlyForDeploymentPostprocessing = 0;
		};
		4FD7BC3E1E9C87BA004A6DEC /* Sources */ = {
			isa = PBXSourcesBuildPhase;
			buildActionMask = 2147483647;
			files = (
				4FD7BC471E9C87BA004A6DEC /* GradientViewUITests.m in Sources */,
			);
			runOnlyForDeploymentPostprocessing = 0;
		};
/* End PBXSourcesBuildPhase section */

/* Begin PBXTargetDependency section */
		4FD7BC391E9C87BA004A6DEC /* PBXTargetDependency */ = {
			isa = PBXTargetDependency;
			target = 4FD7BC201E9C87BA004A6DEC /* GradientView */;
			targetProxy = 4FD7BC381E9C87BA004A6DEC /* PBXContainerItemProxy */;
		};
		4FD7BC441E9C87BA004A6DEC /* PBXTargetDependency */ = {
			isa = PBXTargetDependency;
			target = 4FD7BC201E9C87BA004A6DEC /* GradientView */;
			targetProxy = 4FD7BC431E9C87BA004A6DEC /* PBXContainerItemProxy */;
		};
/* End PBXTargetDependency section */

/* Begin PBXVariantGroup section */
		4FD7BC2F1E9C87BA004A6DEC /* Main.storyboard */ = {
			isa = PBXVariantGroup;
			children = (
				4FD7BC301E9C87BA004A6DEC /* Base */,
			);
			name = Main.storyboard;
			sourceTree = "<group>";
		};
/* End PBXVariantGroup section */

/* Begin XCBuildConfiguration section */
		4FD7BC491E9C87BA004A6DEC /* Debug */ = {
			isa = XCBuildConfiguration;
			buildSettings = {
				ALWAYS_SEARCH_USER_PATHS = NO;
				CLANG_ANALYZER_NONNULL = YES;
				CLANG_ANALYZER_NUMBER_OBJECT_CONVERSION = YES_AGGRESSIVE;
				CLANG_CXX_LANGUAGE_STANDARD = "gnu++0x";
				CLANG_CXX_LIBRARY = "libc++";
				CLANG_ENABLE_MODULES = YES;
				CLANG_ENABLE_OBJC_ARC = YES;
				CLANG_WARN_BOOL_CONVERSION = YES;
				CLANG_WARN_CONSTANT_CONVERSION = YES;
				CLANG_WARN_DIRECT_OBJC_ISA_USAGE = YES_ERROR;
				CLANG_WARN_DOCUMENTATION_COMMENTS = YES;
				CLANG_WARN_EMPTY_BODY = YES;
				CLANG_WARN_ENUM_CONVERSION = YES;
				CLANG_WARN_INFINITE_RECURSION = YES;
				CLANG_WARN_INT_CONVERSION = YES;
				CLANG_WARN_OBJC_ROOT_CLASS = YES_ERROR;
				CLANG_WARN_SUSPICIOUS_MOVE = YES;
				CLANG_WARN_UNREACHABLE_CODE = YES;
				CLANG_WARN__DUPLICATE_METHOD_MATCH = YES;
				CODE_SIGN_IDENTITY = "-";
				COPY_PHASE_STRIP = NO;
				DEBUG_INFORMATION_FORMAT = dwarf;
				ENABLE_STRICT_OBJC_MSGSEND = YES;
				ENABLE_TESTABILITY = YES;
				GCC_C_LANGUAGE_STANDARD = gnu99;
				GCC_DYNAMIC_NO_PIC = NO;
				GCC_NO_COMMON_BLOCKS = YES;
				GCC_OPTIMIZATION_LEVEL = 0;
				GCC_PREPROCESSOR_DEFINITIONS = (
					"DEBUG=1",
					"$(inherited)",
				);
				GCC_WARN_64_TO_32_BIT_CONVERSION = YES;
				GCC_WARN_ABOUT_RETURN_TYPE = YES_ERROR;
				GCC_WARN_UNDECLARED_SELECTOR = YES;
				GCC_WARN_UNINITIALIZED_AUTOS = YES_AGGRESSIVE;
				GCC_WARN_UNUSED_FUNCTION = YES;
				GCC_WARN_UNUSED_VARIABLE = YES;
				MACOSX_DEPLOYMENT_TARGET = 10.12;
				MTL_ENABLE_DEBUG_INFO = YES;
				ONLY_ACTIVE_ARCH = YES;
				SDKROOT = macosx;
			};
			name = Debug;
		};
		4FD7BC4A1E9C87BA004A6DEC /* Release */ = {
			isa = XCBuildConfiguration;
			buildSettings = {
				ALWAYS_SEARCH_USER_PATHS = NO;
				CLANG_ANALYZER_NONNULL = YES;
				CLANG_ANALYZER_NUMBER_OBJECT_CONVERSION = YES_AGGRESSIVE;
				CLANG_CXX_LANGUAGE_STANDARD = "gnu++0x";
				CLANG_CXX_LIBRARY = "libc++";
				CLANG_ENABLE_MODULES = YES;
				CLANG_ENABLE_OBJC_ARC = YES;
				CLANG_WARN_BOOL_CONVERSION = YES;
				CLANG_WARN_CONSTANT_CONVERSION = YES;
				CLANG_WARN_DIRECT_OBJC_ISA_USAGE = YES_ERROR;
				CLANG_WARN_DOCUMENTATION_COMMENTS = YES;
				CLANG_WARN_EMPTY_BODY = YES;
				CLANG_WARN_ENUM_CONVERSION = YES;
				CLANG_WARN_INFINITE_RECURSION = YES;
				CLANG_WARN_INT_CONVERSION = YES;
				CLANG_WARN_OBJC_ROOT_CLASS = YES_ERROR;
				CLANG_WARN_SUSPICIOUS_MOVE = YES;
				CLANG_WARN_UNREACHABLE_CODE = YES;
				CLANG_WARN__DUPLICATE_METHOD_MATCH = YES;
				CODE_SIGN_IDENTITY = "-";
				COPY_PHASE_STRIP = NO;
				DEBUG_INFORMATION_FORMAT = "dwarf-with-dsym";
				ENABLE_NS_ASSERTIONS = NO;
				ENABLE_STRICT_OBJC_MSGSEND = YES;
				GCC_C_LANGUAGE_STANDARD = gnu99;
				GCC_NO_COMMON_BLOCKS = YES;
				GCC_WARN_64_TO_32_BIT_CONVERSION = YES;
				GCC_WARN_ABOUT_RETURN_TYPE = YES_ERROR;
				GCC_WARN_UNDECLARED_SELECTOR = YES;
				GCC_WARN_UNINITIALIZED_AUTOS = YES_AGGRESSIVE;
				GCC_WARN_UNUSED_FUNCTION = YES;
				GCC_WARN_UNUSED_VARIABLE = YES;
				MACOSX_DEPLOYMENT_TARGET = 10.12;
				MTL_ENABLE_DEBUG_INFO = NO;
				SDKROOT = macosx;
			};
			name = Release;
		};
		4FD7BC4C1E9C87BA004A6DEC /* Debug */ = {
			isa = XCBuildConfiguration;
			buildSettings = {
				ASSETCATALOG_COMPILER_APPICON_NAME = AppIcon;
				COMBINE_HIDPI_IMAGES = YES;
				INFOPLIST_FILE = GradientView/Info.plist;
				LD_RUNPATH_SEARCH_PATHS = "$(inherited) @executable_path/../Frameworks";
				PRODUCT_BUNDLE_IDENTIFIER = com.melody5417.GradientView;
				PRODUCT_NAME = "$(TARGET_NAME)";
			};
			name = Debug;
		};
		4FD7BC4D1E9C87BA004A6DEC /* Release */ = {
			isa = XCBuildConfiguration;
			buildSettings = {
				ASSETCATALOG_COMPILER_APPICON_NAME = AppIcon;
				COMBINE_HIDPI_IMAGES = YES;
				INFOPLIST_FILE = GradientView/Info.plist;
				LD_RUNPATH_SEARCH_PATHS = "$(inherited) @executable_path/../Frameworks";
				PRODUCT_BUNDLE_IDENTIFIER = com.melody5417.GradientView;
				PRODUCT_NAME = "$(TARGET_NAME)";
			};
			name = Release;
		};
		4FD7BC4F1E9C87BA004A6DEC /* Debug */ = {
			isa = XCBuildConfiguration;
			buildSettings = {
				BUNDLE_LOADER = "$(TEST_HOST)";
				COMBINE_HIDPI_IMAGES = YES;
				INFOPLIST_FILE = GradientViewTests/Info.plist;
				LD_RUNPATH_SEARCH_PATHS = "$(inherited) @executable_path/../Frameworks @loader_path/../Frameworks";
				PRODUCT_BUNDLE_IDENTIFIER = com.melody5417.GradientViewTests;
				PRODUCT_NAME = "$(TARGET_NAME)";
				TEST_HOST = "$(BUILT_PRODUCTS_DIR)/GradientView.app/Contents/MacOS/GradientView";
			};
			name = Debug;
		};
		4FD7BC501E9C87BA004A6DEC /* Release */ = {
			isa = XCBuildConfiguration;
			buildSettings = {
				BUNDLE_LOADER = "$(TEST_HOST)";
				COMBINE_HIDPI_IMAGES = YES;
				INFOPLIST_FILE = GradientViewTests/Info.plist;
				LD_RUNPATH_SEARCH_PATHS = "$(inherited) @executable_path/../Frameworks @loader_path/../Frameworks";
				PRODUCT_BUNDLE_IDENTIFIER = com.melody5417.GradientViewTests;
				PRODUCT_NAME = "$(TARGET_NAME)";
				TEST_HOST = "$(BUILT_PRODUCTS_DIR)/GradientView.app/Contents/MacOS/GradientView";
			};
			name = Release;
		};
		4FD7BC521E9C87BA004A6DEC /* Debug */ = {
			isa = XCBuildConfiguration;
			buildSettings = {
				COMBINE_HIDPI_IMAGES = YES;
				INFOPLIST_FILE = GradientViewUITests/Info.plist;
				LD_RUNPATH_SEARCH_PATHS = "$(inherited) @executable_path/../Frameworks @loader_path/../Frameworks";
				PRODUCT_BUNDLE_IDENTIFIER = com.melody5417.GradientViewUITests;
				PRODUCT_NAME = "$(TARGET_NAME)";
				TEST_TARGET_NAME = GradientView;
			};
			name = Debug;
		};
		4FD7BC531E9C87BA004A6DEC /* Release */ = {
			isa = XCBuildConfiguration;
			buildSettings = {
				COMBINE_HIDPI_IMAGES = YES;
				INFOPLIST_FILE = GradientViewUITests/Info.plist;
				LD_RUNPATH_SEARCH_PATHS = "$(inherited) @executable_path/../Frameworks @loader_path/../Frameworks";
				PRODUCT_BUNDLE_IDENTIFIER = com.melody5417.GradientViewUITests;
				PRODUCT_NAME = "$(TARGET_NAME)";
				TEST_TARGET_NAME = GradientView;
			};
			name = Release;
		};
/* End XCBuildConfiguration section */

/* Begin XCConfigurationList section */
		4FD7BC1C1E9C87BA004A6DEC /* Build configuration list for PBXProject "GradientView" */ = {
			isa = XCConfigurationList;
			buildConfigurations = (
				4FD7BC491E9C87BA004A6DEC /* Debug */,
				4FD7BC4A1E9C87BA004A6DEC /* Release */,
			);
			defaultConfigurationIsVisible = 0;
			defaultConfigurationName = Release;
		};
		4FD7BC4B1E9C87BA004A6DEC /* Build configuration list for PBXNativeTarget "GradientView" */ = {
			isa = XCConfigurationList;
			buildConfigurations = (
				4FD7BC4C1E9C87BA004A6DEC /* Debug */,
				4FD7BC4D1E9C87BA004A6DEC /* Release */,
			);
			defaultConfigurationIsVisible = 0;
		};
		4FD7BC4E1E9C87BA004A6DEC /* Build configuration list for PBXNativeTarget "GradientViewTests" */ = {
			isa = XCConfigurationList;
			buildConfigurations = (
				4FD7BC4F1E9C87BA004A6DEC /* Debug */,
				4FD7BC501E9C87BA004A6DEC /* Release */,
			);
			defaultConfigurationIsVisible = 0;
		};
		4FD7BC511E9C87BA004A6DEC /* Build configuration list for PBXNativeTarget "GradientViewUITests" */ = {
			isa = XCConfigurationList;
			buildConfigurations = (
				4FD7BC521E9C87BA004A6DEC /* Debug */,
				4FD7BC531E9C87BA004A6DEC /* Release */,
			);
			defaultConfigurationIsVisible = 0;
		};
/* End XCConfigurationList section */
	};
	rootObject = 4FD7BC191E9C87BA004A6DEC /* Project object */;
}
